
Microsoft Visual Studio Solution File, Format Version 11.00
# Visual Studio 2010
Project("{FAE04EC0-301F-11D3-BF4B-00C04F79EFBC}") = "DbSnapshotService.Core", "DbSnapshotService.Core\DbSnapshotService.Core.csproj", "{206FABDA-BBA0-4457-A4FC-8C747B0475C4}"
EndProject
Project("{2150E333-8FDC-42A3-9474-1A3956D46DE8}") = "Tests", "Tests", "{DC88ADC7-1C58-43CE-A7A6-6BE98C63D8A0}"
EndProject
Project("{FAE04EC0-301F-11D3-BF4B-00C04F79EFBC}") = "DbSnapshotService.Tests.Core", "DbSnapshotService.Tests.Core\DbSnapshotService.Tests.Core.csproj", "{8938F5AF-C03E-466E-92C6-A1C77E3F1AC7}"
EndProject
Project("{2150E333-8FDC-42A3-9474-1A3956D46DE8}") = "Solution Items", "Solution Items", "{DD937A62-D955-4586-99CD-09FC85D49DDC}"
	ProjectSection(SolutionItems) = preProject
		DbSnapshotService.vsmdi = DbSnapshotService.vsmdi
		Local.testsettings = Local.testsettings
		TraceAndTestImpact.testsettings = TraceAndTestImpact.testsettings
	EndProjectSection
EndProject
Global
	GlobalSection(TestCaseManagementSettings) = postSolution
		CategoryFile = DbSnapshotService.vsmdi
	EndGlobalSection
	GlobalSection(SolutionConfigurationPlatforms) = preSolution
		Debug|Any CPU = Debug|Any CPU
		Release|Any CPU = Release|Any CPU
	EndGlobalSection
	GlobalSection(ProjectConfigurationPlatforms) = postSolution
		{206FABDA-BBA0-4457-A4FC-8C747B0475C4}.Debug|Any CPU.ActiveCfg = Debug|Any CPU
		{206FABDA-BBA0-4457-A4FC-8C747B0475C4}.Debug|Any CPU.Build.0 = Debug|Any CPU
		{206FABDA-BBA0-4457-A4FC-8C747B0475C4}.Release|Any CPU.ActiveCfg = Release|Any CPU
		{206FABDA-BBA0-4457-A4FC-8C747B0475C4}.Release|Any CPU.Build.0 = Release|Any CPU
		{8938F5AF-C03E-466E-92C6-A1C77E3F1AC7}.Debug|Any CPU.ActiveCfg = Debug|Any CPU
		{8938F5AF-C03E-466E-92C6-A1C77E3F1AC7}.Debug|Any CPU.Build.0 = Debug|Any CPU
		{8938F5AF-C03E-466E-92C6-A1C77E3F1AC7}.Release|Any CPU.ActiveCfg = Release|Any CPU
		{8938F5AF-C03E-466E-92C6-A1C77E3F1AC7}.Release|Any CPU.Build.0 = Release|Any CPU
	EndGlobalSection
	GlobalSection(SolutionProperties) = preSolution
		HideSolutionNode = FALSE
	EndGlobalSection
	GlobalSection(NestedProjects) = preSolution
		{8938F5AF-C03E-466E-92C6-A1C77E3F1AC7} = {DC88ADC7-1C58-43CE-A7A6-6BE98C63D8A0}
		{DD937A62-D955-4586-99CD-09FC85D49DDC} = {DC88ADC7-1C58-43CE-A7A6-6BE98C63D8A0}
	EndGlobalSection
EndGlobal
